<?xml version="1.0" encoding="utf-8"?>
<Project ToolsVersion="4.0" xmlns="http://schemas.microsoft.com/developer/msbuild/2003">
  <ItemGroup>
    <Filter Include="ソース ファイル">
      <UniqueIdentifier>{4FC737F1-C7A5-4376-A066-2A32D752A2FF}</UniqueIdentifier>
      <Extensions>cpp;c;cc;cxx;def;odl;idl;hpj;bat;asm;asmx</Extensions>
    </Filter>
    <Filter Include="ヘッダー ファイル">
      <UniqueIdentifier>{93995380-89BD-4b04-88EB-625FBE52EBFB}</UniqueIdentifier>
      <Extensions>h;hh;hpp;hxx;hm;inl;inc;ipp;xsd</Extensions>
    </Filter>
    <Filter Include="リソース ファイル">
      <UniqueIdentifier>{67DA6AB6-F800-4c08-8B7A-83BB121AAD01}</UniqueIdentifier>
      <Extensions>rc;ico;cur;bmp;dlg;rc2;rct;bin;rgs;gif;jpg;jpeg;jpe;resx;tiff;tif;png;wav;mfcribbon-ms</Extensions>
    </Filter>
    <Filter Include="ソース ファイル\Common">
      <UniqueIdentifier>{63c8e0d5-c486-4e52-a55a-dce151b7c4fe}</UniqueIdentifier>
    </Filter>
    <Filter Include="ヘッダー ファイル\Common">
      <UniqueIdentifier>{2f51dc95-648f-4f88-817e-609a44675508}</UniqueIdentifier>
    </Filter>
    <Filter Include="ソース ファイル\Flow">
      <UniqueIdentifier>{84a60c34-0ad9-4612-a13b-ba89072efe11}</UniqueIdentifier>
    </Filter>
    <Filter Include="ソース ファイル\Object">
      <UniqueIdentifier>{89a00c62-08ec-4096-9fb5-d5527085a500}</UniqueIdentifier>
    </Filter>
    <Filter Include="ヘッダー ファイル\Object">
      <UniqueIdentifier>{ef461d32-7796-411d-a41a-9016200d4828}</UniqueIdentifier>
    </Filter>
    <Filter Include="ヘッダー ファイル\Image">
      <UniqueIdentifier>{bbf978a9-02bc-42f3-9168-b771cb468449}</UniqueIdentifier>
    </Filter>
    <Filter Include="ソース ファイル\Object\Component">
      <UniqueIdentifier>{bbd05b9e-f346-4733-a777-5819b9d67191}</UniqueIdentifier>
    </Filter>
    <Filter Include="ヘッダー ファイル\Object\Component">
      <UniqueIdentifier>{6fcfb5ef-f4cb-43ad-8a06-c932fcd41d0f}</UniqueIdentifier>
    </Filter>
    <Filter Include="ソース ファイル\Object\Bounding box">
      <UniqueIdentifier>{e4501fca-3da0-47a1-9c3d-beb43763238f}</UniqueIdentifier>
    </Filter>
    <Filter Include="ヘッダー ファイル\Object\Bounding Box">
      <UniqueIdentifier>{e2fc7be5-fc7d-489b-970a-13c85526a55e}</UniqueIdentifier>
    </Filter>
  </ItemGroup>
  <ItemGroup>
    <ClCompile Include="..\Common\CApplication.cpp">
      <Filter>ソース ファイル\Common</Filter>
    </ClCompile>
    <ClCompile Include="..\Common\CCamera.cpp">
      <Filter>ソース ファイル\Common</Filter>
    </ClCompile>
    <ClCompile Include="..\Common\CDirectInput.cpp">
      <Filter>ソース ファイル\Common</Filter>
    </ClCompile>
    <ClCompile Include="..\Common\CPicture.cpp">
      <Filter>ソース ファイル\Common</Filter>
    </ClCompile>
    <ClCompile Include="..\Common\CQuadPolygon.cpp">
      <Filter>ソース ファイル\Common</Filter>
    </ClCompile>
    <ClCompile Include="..\Common\CTexture.cpp">
      <Filter>ソース ファイル\Common</Filter>
    </ClCompile>
    <ClCompile Include="..\Common\GamePGUtil.cpp">
      <Filter>ソース ファイル\Common</Filter>
    </ClCompile>
    <ClCompile Include="..\Common\DirectXTex-master\WICTextureLoader\WICTextureLoader.cpp">
      <Filter>ソース ファイル\Common</Filter>
    </ClCompile>
    <ClCompile Include="stdafx.cpp">
      <Filter>ソース ファイル\Common</Filter>
    </ClCompile>
    <ClCompile Include="..\Common\CFont.cpp">
      <Filter>ソース ファイル\Common</Filter>
    </ClCompile>
    <ClCompile Include="..\Common\CXAudio2.cpp">
      <Filter>ソース ファイル\Common</Filter>
    </ClCompile>
    <ClCompile Include="..\Common\CSourceVoice.cpp">
      <Filter>ソース ファイル\Common</Filter>
    </ClCompile>
    <ClCompile Include="kadai0\GameClear.cpp">
      <Filter>ソース ファイル\Flow</Filter>
    </ClCompile>
    <ClCompile Include="kadai0\GameOver.cpp">
      <Filter>ソース ファイル\Flow</Filter>
    </ClCompile>
    <ClCompile Include="kadai0\GamePlay.cpp">
      <Filter>ソース ファイル\Flow</Filter>
    </ClCompile>
    <ClCompile Include="kadai0\GameTitle.cpp">
      <Filter>ソース ファイル\Flow</Filter>
    </ClCompile>
    <ClCompile Include="CObjectBase.cpp">
      <Filter>ソース ファイル\Object</Filter>
    </ClCompile>
    <ClCompile Include="ActionGame.cpp">
      <Filter>ソース ファイル\Common</Filter>
    </ClCompile>
    <ClCompile Include="CActionGameApp.cpp">
      <Filter>ソース ファイル\Common</Filter>
    </ClCompile>
    <ClCompile Include="kadai0\InOutputFile.cpp">
      <Filter>ソース ファイル</Filter>
    </ClCompile>
    <ClCompile Include="kadai0\CText.cpp">
      <Filter>ソース ファイル</Filter>
    </ClCompile>
    <ClCompile Include="kadai0\Submarine.cpp">
      <Filter>ソース ファイル\Object</Filter>
    </ClCompile>
    <ClCompile Include="kadai0\Component.cpp">
      <Filter>ソース ファイル\Object\Component</Filter>
    </ClCompile>
    <ClCompile Include="kadai0\Turret.cpp">
      <Filter>ソース ファイル\Object\Component</Filter>
    </ClCompile>
    <ClCompile Include="kadai0\JetEngine.cpp">
      <Filter>ソース ファイル\Object\Component</Filter>
    </ClCompile>
    <ClCompile Include="kadai0\Player.cpp">
      <Filter>ソース ファイル</Filter>
    </ClCompile>
    <ClCompile Include="kadai0\Bullet.cpp">
      <Filter>ソース ファイル\Object\Component</Filter>
    </ClCompile>
    <ClCompile Include="kadai0\Barrier.cpp">
      <Filter>ソース ファイル\Object\Component</Filter>
    </ClCompile>
    <ClCompile Include="kadai0\CircleBoundingBox.cpp">
      <Filter>ソース ファイル\Object\Bounding box</Filter>
    </ClCompile>
    <ClCompile Include="kadai0\RectangleBoundingBox.cpp">
      <Filter>ソース ファイル\Object\Bounding box</Filter>
    </ClCompile>
    <ClCompile Include="kadai0\PolygonBoundingBox.cpp">
      <Filter>ソース ファイル\Object\Bounding box</Filter>
    </ClCompile>
    <ClCompile Include="kadai0\OperationDevice.cpp">
      <Filter>ソース ファイル</Filter>
    </ClCompile>
  </ItemGroup>
  <ItemGroup>
    <ClInclude Include="..\Common\CApplication.h">
      <Filter>ヘッダー ファイル\Common</Filter>
    </ClInclude>
    <ClInclude Include="..\Common\CCamera.h">
      <Filter>ヘッダー ファイル\Common</Filter>
    </ClInclude>
    <ClInclude Include="..\Common\CDirectInput.h">
      <Filter>ヘッダー ファイル\Common</Filter>
    </ClInclude>
    <ClInclude Include="..\Common\Common3DType.h">
      <Filter>ヘッダー ファイル\Common</Filter>
    </ClInclude>
    <ClInclude Include="..\Common\CPicture.h">
      <Filter>ヘッダー ファイル\Common</Filter>
    </ClInclude>
    <ClInclude Include="..\Common\CQuadPolygon.h">
      <Filter>ヘッダー ファイル\Common</Filter>
    </ClInclude>
    <ClInclude Include="..\Common\CTexture.h">
      <Filter>ヘッダー ファイル\Common</Filter>
    </ClInclude>
    <ClInclude Include="..\Common\D3DEnv.h">
      <Filter>ヘッダー ファイル\Common</Filter>
    </ClInclude>
    <ClInclude Include="..\Common\GameConst.h">
      <Filter>ヘッダー ファイル\Common</Filter>
    </ClInclude>
    <ClInclude Include="..\Common\GamePGUtil.h">
      <Filter>ヘッダー ファイル\Common</Filter>
    </ClInclude>
    <ClInclude Include="..\Common\MediaResource.h">
      <Filter>ヘッダー ファイル\Common</Filter>
    </ClInclude>
    <ClInclude Include="..\Common\DirectXTex-master\WICTextureLoader\WICTextureLoader.h">
      <Filter>ヘッダー ファイル\Common</Filter>
    </ClInclude>
    <ClInclude Include="stdafx.h">
      <Filter>ヘッダー ファイル\Common</Filter>
    </ClInclude>
    <ClInclude Include="targetver.h">
      <Filter>ヘッダー ファイル\Common</Filter>
    </ClInclude>
    <ClInclude Include="UVAnimation.h">
      <Filter>ヘッダー ファイル\Common</Filter>
    </ClInclude>
    <ClInclude Include="..\Common\CFont.h">
      <Filter>ヘッダー ファイル\Common</Filter>
    </ClInclude>
    <ClInclude Include="..\Common\CXAudio2.h">
      <Filter>ヘッダー ファイル\Common</Filter>
    </ClInclude>
    <ClInclude Include="..\Common\CSourceVoice.h">
      <Filter>ヘッダー ファイル\Common</Filter>
    </ClInclude>
    <ClInclude Include="kadai0\Define.h">
      <Filter>ヘッダー ファイル</Filter>
    </ClInclude>
    <ClInclude Include="CObjectBase.h">
      <Filter>ヘッダー ファイル\Object</Filter>
    </ClInclude>
    <ClInclude Include="kadai0\UV.h">
      <Filter>ヘッダー ファイル\Image</Filter>
    </ClInclude>
    <ClInclude Include="kadai0\GameResource.h">
      <Filter>ヘッダー ファイル\Image</Filter>
    </ClInclude>
    <ClInclude Include="ActionGame.h">
      <Filter>ヘッダー ファイル\Common</Filter>
    </ClInclude>
    <ClInclude Include="CActionGameApp.h">
      <Filter>ヘッダー ファイル\Common</Filter>
    </ClInclude>
    <ClInclude Include="Resource.h">
      <Filter>ヘッダー ファイル\Common</Filter>
    </ClInclude>
    <ClInclude Include="kadai0\InOutputFile.h">
      <Filter>ヘッダー ファイル</Filter>
    </ClInclude>
    <ClInclude Include="kadai0\CText.h">
      <Filter>ヘッダー ファイル</Filter>
    </ClInclude>
    <ClInclude Include="kadai0\Submarine.h">
      <Filter>ヘッダー ファイル\Object</Filter>
    </ClInclude>
    <ClInclude Include="kadai0\Component.h">
      <Filter>ヘッダー ファイル\Object\Component</Filter>
    </ClInclude>
    <ClInclude Include="kadai0\Turret.h">
      <Filter>ヘッダー ファイル\Object\Component</Filter>
    </ClInclude>
    <ClInclude Include="kadai0\JetEngine.h">
      <Filter>ヘッダー ファイル\Object\Component</Filter>
    </ClInclude>
    <ClInclude Include="kadai0\Player.h">
      <Filter>ヘッダー ファイル</Filter>
    </ClInclude>
    <ClInclude Include="kadai0\Bullet.h">
      <Filter>ヘッダー ファイル\Object\Component</Filter>
    </ClInclude>
    <ClInclude Include="kadai0\Barrier.h">
      <Filter>ヘッダー ファイル\Object\Component</Filter>
    </ClInclude>
    <ClInclude Include="kadai0\CircleBoundingBox.h">
      <Filter>ヘッダー ファイル\Object\Bounding Box</Filter>
    </ClInclude>
    <ClInclude Include="kadai0\RectangleBoundingBox.h">
      <Filter>ヘッダー ファイル\Object\Bounding Box</Filter>
    </ClInclude>
    <ClInclude Include="kadai0\PolygonBoundingBox.h">
      <Filter>ヘッダー ファイル\Object\Bounding Box</Filter>
    </ClInclude>
    <ClInclude Include="kadai0\OperationDevice.h">
      <Filter>ヘッダー ファイル</Filter>
    </ClInclude>
    <ClInclude Include="kadai0\BoundingBox.h">
      <Filter>ヘッダー ファイル\Object\Bounding Box</Filter>
    </ClInclude>
  </ItemGroup>
  <ItemGroup>
    <ResourceCompile Include="GameProgramming1.rc">
      <Filter>リソース ファイル</Filter>
    </ResourceCompile>
  </ItemGroup>
  <ItemGroup>
    <Image Include="GameProgramming1.ico">
      <Filter>リソース ファイル</Filter>
    </Image>
    <Image Include="small.ico">
      <Filter>リソース ファイル</Filter>
    </Image>
  </ItemGroup>
</Project>